
Microsoft Visual Studio Solution File, Format Version 12.00
# Visual Studio Version 17
VisualStudioVersion = 17.1.32319.34
MinimumVisualStudioVersion = 10.0.40219.1
Project("{9A19103F-16F7-4668-BE54-9A1E7A4F7556}") = "Calculadora", "Calculadora.csproj", "{4337C467-E4F0-4A48-A4E1-9199B79FAACF}"
EndProject
Project("{9A19103F-16F7-4668-BE54-9A1E7A4F7556}") = "CalculadoraTest", "CalculadoraTest\CalculadoraTest.csproj", "{A60E800B-7227-4BEA-821C-A273699CB78D}"
EndProject
Global
	GlobalSection(SolutionConfigurationPlatforms) = preSolution
		Debug|Any CPU = Debug|Any CPU
		Release|Any CPU = Release|Any CPU
	EndGlobalSection
	GlobalSection(ProjectConfigurationPlatforms) = postSolution
		{4337C467-E4F0-4A48-A4E1-9199B79FAACF}.Debug|Any CPU.ActiveCfg = Debug|Any CPU
		{4337C467-E4F0-4A48-A4E1-9199B79FAACF}.Debug|Any CPU.Build.0 = Debug|Any CPU
		{4337C467-E4F0-4A48-A4E1-9199B79FAACF}.Release|Any CPU.ActiveCfg = Release|Any CPU
		{4337C467-E4F0-4A48-A4E1-9199B79FAACF}.Release|Any CPU.Build.0 = Release|Any CPU
		{A60E800B-7227-4BEA-821C-A273699CB78D}.Debug|Any CPU.ActiveCfg = Debug|Any CPU
		{A60E800B-7227-4BEA-821C-A273699CB78D}.Debug|Any CPU.Build.0 = Debug|Any CPU
		{A60E800B-7227-4BEA-821C-A273699CB78D}.Release|Any CPU.ActiveCfg = Release|Any CPU
		{A60E800B-7227-4BEA-821C-A273699CB78D}.Release|Any CPU.Build.0 = Release|Any CPU
	EndGlobalSection
	GlobalSection(SolutionProperties) = preSolution
		HideSolutionNode = FALSE
	EndGlobalSection
	GlobalSection(ExtensibilityGlobals) = postSolution
		SolutionGuid = {48024044-F1E3-453A-86FE-EB4968220094}
	EndGlobalSection
EndGlobal
